
Microsoft Visual Studio Solution File, Format Version 12.00
# Visual Studio Version 17
VisualStudioVersion = 17.12.35707.178
MinimumVisualStudioVersion = 10.0.40219.1
Project("{2150E333-8FDC-42A3-9474-1A3956D46DE8}") = "Solution", "Solution", "{AA6FE514-7916-48BC-97AE-6B5EC4315A66}"
	ProjectSection(SolutionItems) = preProject
		Doxyfile = Doxyfile
		README.md = README.md
	EndProjectSection
EndProject
Project("{8BC9CEB8-8B4A-11D0-8D11-00A0C91BC942}") = "Externals.Build", "Solution\Solution\Externals.Build\Externals.Build.vcxproj", "{8D1FC8D7-9894-41EA-9D20-CEF5710CC846}"
EndProject
Project("{8BC9CEB8-8B4A-11D0-8D11-00A0C91BC942}") = "Research.Erosion", "Solution\Solution\Research.Erosion\Research.Erosion.vcxproj", "{64EC0F71-F037-4C07-8D76-79A64429C050}"
	ProjectSection(ProjectDependencies) = postProject
		{8D1FC8D7-9894-41EA-9D20-CEF5710CC846} = {8D1FC8D7-9894-41EA-9D20-CEF5710CC846}
	EndProjectSection
EndProject
Project("{2150E333-8FDC-42A3-9474-1A3956D46DE8}") = "Solution", "Solution", "{36D591C7-65C7-A0D1-1CBC-10CDE441BDC8}"
	ProjectSection(SolutionItems) = preProject
		Solution\Version.hpp = Solution\Version.hpp
	EndProjectSection
EndProject
Project("{2150E333-8FDC-42A3-9474-1A3956D46DE8}") = "Pictures", "Pictures", "{9CF11BBF-AE63-45C6-8EB9-47559FEE422B}"
	ProjectSection(SolutionItems) = preProject
		Solution\Solution\Pictures\Colors_1024x1024.tiff = Solution\Solution\Pictures\Colors_1024x1024.tiff
		Solution\Solution\Pictures\Colors_2048x2048.tiff = Solution\Solution\Pictures\Colors_2048x2048.tiff
		Solution\Solution\Pictures\Colors_512x512.tiff = Solution\Solution\Pictures\Colors_512x512.tiff
		Solution\Solution\Pictures\Result_1024x1024.tiff = Solution\Solution\Pictures\Result_1024x1024.tiff
		Solution\Solution\Pictures\Result_2048x2048.tiff = Solution\Solution\Pictures\Result_2048x2048.tiff
		Solution\Solution\Pictures\Result_512x512.tiff = Solution\Solution\Pictures\Result_512x512.tiff
		Solution\Solution\Pictures\Source_1024x1024.tiff = Solution\Solution\Pictures\Source_1024x1024.tiff
		Solution\Solution\Pictures\Source_2048x2048.tiff = Solution\Solution\Pictures\Source_2048x2048.tiff
		Solution\Solution\Pictures\Source_512x512.tiff = Solution\Solution\Pictures\Source_512x512.tiff
	EndProjectSection
EndProject
Project("{2150E333-8FDC-42A3-9474-1A3956D46DE8}") = "(Documentation)", "(Documentation)", "{84600A6C-6236-4090-9BEF-744132EDE48B}"
	ProjectSection(SolutionItems) = preProject
		Solution\Solution\(Documentation)\MainPage.hpp = Solution\Solution\(Documentation)\MainPage.hpp
	EndProjectSection
EndProject
Global
	GlobalSection(SolutionConfigurationPlatforms) = preSolution
		Debug|x64 = Debug|x64
		Release|x64 = Release|x64
	EndGlobalSection
	GlobalSection(ProjectConfigurationPlatforms) = postSolution
		{8D1FC8D7-9894-41EA-9D20-CEF5710CC846}.Debug|x64.ActiveCfg = Debug|x64
		{8D1FC8D7-9894-41EA-9D20-CEF5710CC846}.Debug|x64.Build.0 = Debug|x64
		{8D1FC8D7-9894-41EA-9D20-CEF5710CC846}.Release|x64.ActiveCfg = Release|x64
		{8D1FC8D7-9894-41EA-9D20-CEF5710CC846}.Release|x64.Build.0 = Release|x64
		{64EC0F71-F037-4C07-8D76-79A64429C050}.Debug|x64.ActiveCfg = Debug|x64
		{64EC0F71-F037-4C07-8D76-79A64429C050}.Debug|x64.Build.0 = Debug|x64
		{64EC0F71-F037-4C07-8D76-79A64429C050}.Release|x64.ActiveCfg = Release|x64
		{64EC0F71-F037-4C07-8D76-79A64429C050}.Release|x64.Build.0 = Release|x64
	EndGlobalSection
	GlobalSection(SolutionProperties) = preSolution
		HideSolutionNode = FALSE
	EndGlobalSection
	GlobalSection(NestedProjects) = preSolution
		{8D1FC8D7-9894-41EA-9D20-CEF5710CC846} = {36D591C7-65C7-A0D1-1CBC-10CDE441BDC8}
		{64EC0F71-F037-4C07-8D76-79A64429C050} = {36D591C7-65C7-A0D1-1CBC-10CDE441BDC8}
		{36D591C7-65C7-A0D1-1CBC-10CDE441BDC8} = {AA6FE514-7916-48BC-97AE-6B5EC4315A66}
		{9CF11BBF-AE63-45C6-8EB9-47559FEE422B} = {36D591C7-65C7-A0D1-1CBC-10CDE441BDC8}
		{84600A6C-6236-4090-9BEF-744132EDE48B} = {36D591C7-65C7-A0D1-1CBC-10CDE441BDC8}
	EndGlobalSection
	GlobalSection(ExtensibilityGlobals) = postSolution
		SolutionGuid = {7CDE3880-E377-4F96-A320-290B730892A9}
	EndGlobalSection
EndGlobal
