<?xml version="1.0" encoding="utf-8"?>
<Project ToolsVersion="4.0" xmlns="http://schemas.microsoft.com/developer/msbuild/2003">
  <ItemGroup>
    <ClCompile Include="Research.Erosion.cpp" />
    <ClCompile Include="Support.cpp">
      <Filter>Source</Filter>
    </ClCompile>
    <ClCompile Include="DommainDistortion.cpp">
      <Filter>Source</Filter>
    </ClCompile>
  </ItemGroup>
  <ItemGroup>
    <Filter Include="Common">
      <UniqueIdentifier>{c2260d88-e7b0-4c5c-85c8-ed57f5e7ee22}</UniqueIdentifier>
    </Filter>
    <Filter Include="Source">
      <UniqueIdentifier>{c8e9f5c7-d9b9-4e9a-879f-77fca5e723b1}</UniqueIdentifier>
    </Filter>
  </ItemGroup>
  <ItemGroup>
    <ResourceCompile Include="Version.rc">
      <Filter>Common</Filter>
    </ResourceCompile>
  </ItemGroup>
  <ItemGroup>
    <ClInclude Include="Support.hpp">
      <Filter>Source</Filter>
    </ClInclude>
    <ClInclude Include="Erosion.hpp" />
  </ItemGroup>
  <ItemGroup>
    <Image Include="Source.tiff" />
    <Image Include="Result.tiff" />
  </ItemGroup>
</Project>